
Microsoft Visual Studio Solution File, Format Version 12.00
# Visual Studio Version 17
VisualStudioVersion = 17.11.35327.3
MinimumVisualStudioVersion = 10.0.40219.1
Project("{FAE04EC0-301F-11D3-BF4B-00C04F79EFBC}") = "Level 4 - The Thing Namer 3000", "Level 4 - The Thing Namer 3000.csproj", "{5E944812-235A-45B6-BFF1-F30E4A2BB62E}"
EndProject
Global
	GlobalSection(SolutionConfigurationPlatforms) = preSolution
		Debug|Any CPU = Debug|Any CPU
		Release|Any CPU = Release|Any CPU
	EndGlobalSection
	GlobalSection(ProjectConfigurationPlatforms) = postSolution
		{5E944812-235A-45B6-BFF1-F30E4A2BB62E}.Debug|Any CPU.ActiveCfg = Debug|Any CPU
		{5E944812-235A-45B6-BFF1-F30E4A2BB62E}.Debug|Any CPU.Build.0 = Debug|Any CPU
		{5E944812-235A-45B6-BFF1-F30E4A2BB62E}.Release|Any CPU.ActiveCfg = Release|Any CPU
		{5E944812-235A-45B6-BFF1-F30E4A2BB62E}.Release|Any CPU.Build.0 = Release|Any CPU
	EndGlobalSection
	GlobalSection(SolutionProperties) = preSolution
		HideSolutionNode = FALSE
	EndGlobalSection
	GlobalSection(ExtensibilityGlobals) = postSolution
		SolutionGuid = {56CE4E81-13F6-4AF0-B14D-44F50FA78AA9}
	EndGlobalSection
EndGlobal
