
Microsoft Visual Studio Solution File, Format Version 12.00
# Visual Studio Version 17
VisualStudioVersion = 17.11.35327.3
MinimumVisualStudioVersion = 10.0.40219.1
Project("{FAE04EC0-301F-11D3-BF4B-00C04F79EFBC}") = "Level 9 - Watchtower", "Level 9 - Watchtower.csproj", "{2B0C603B-D917-4B4F-8D16-E3305F1CA50B}"
EndProject
Global
	GlobalSection(SolutionConfigurationPlatforms) = preSolution
		Debug|Any CPU = Debug|Any CPU
		Release|Any CPU = Release|Any CPU
	EndGlobalSection
	GlobalSection(ProjectConfigurationPlatforms) = postSolution
		{2B0C603B-D917-4B4F-8D16-E3305F1CA50B}.Debug|Any CPU.ActiveCfg = Debug|Any CPU
		{2B0C603B-D917-4B4F-8D16-E3305F1CA50B}.Debug|Any CPU.Build.0 = Debug|Any CPU
		{2B0C603B-D917-4B4F-8D16-E3305F1CA50B}.Release|Any CPU.ActiveCfg = Release|Any CPU
		{2B0C603B-D917-4B4F-8D16-E3305F1CA50B}.Release|Any CPU.Build.0 = Release|Any CPU
	EndGlobalSection
	GlobalSection(SolutionProperties) = preSolution
		HideSolutionNode = FALSE
	EndGlobalSection
	GlobalSection(ExtensibilityGlobals) = postSolution
		SolutionGuid = {20C03DE2-982C-441C-8E35-268A527F0486}
	EndGlobalSection
EndGlobal
