
Microsoft Visual Studio Solution File, Format Version 12.00
# Visual Studio Version 17
VisualStudioVersion = 17.11.35327.3
MinimumVisualStudioVersion = 10.0.40219.1
Project("{FAE04EC0-301F-11D3-BF4B-00C04F79EFBC}") = "Level 12 - The Laws of Freach", "Level 12 - The Laws of Freach.csproj", "{03D9E348-9EE3-4843-BC87-E4C9FFF084B9}"
EndProject
Global
	GlobalSection(SolutionConfigurationPlatforms) = preSolution
		Debug|Any CPU = Debug|Any CPU
		Release|Any CPU = Release|Any CPU
	EndGlobalSection
	GlobalSection(ProjectConfigurationPlatforms) = postSolution
		{03D9E348-9EE3-4843-BC87-E4C9FFF084B9}.Debug|Any CPU.ActiveCfg = Debug|Any CPU
		{03D9E348-9EE3-4843-BC87-E4C9FFF084B9}.Debug|Any CPU.Build.0 = Debug|Any CPU
		{03D9E348-9EE3-4843-BC87-E4C9FFF084B9}.Release|Any CPU.ActiveCfg = Release|Any CPU
		{03D9E348-9EE3-4843-BC87-E4C9FFF084B9}.Release|Any CPU.Build.0 = Release|Any CPU
	EndGlobalSection
	GlobalSection(SolutionProperties) = preSolution
		HideSolutionNode = FALSE
	EndGlobalSection
	GlobalSection(ExtensibilityGlobals) = postSolution
		SolutionGuid = {BA948D4A-8C82-461F-A27C-EF3DFEE98898}
	EndGlobalSection
EndGlobal
