
Microsoft Visual Studio Solution File, Format Version 12.00
# Visual Studio Version 17
VisualStudioVersion = 17.11.35327.3
MinimumVisualStudioVersion = 10.0.40219.1
Project("{FAE04EC0-301F-11D3-BF4B-00C04F79EFBC}") = "Level 20 - The Properties of Arrows", "Level 20 - The Properties of Arrows.csproj", "{25914B91-47BE-4141-B1C6-9FE9D06624BB}"
EndProject
Global
	GlobalSection(SolutionConfigurationPlatforms) = preSolution
		Debug|Any CPU = Debug|Any CPU
		Release|Any CPU = Release|Any CPU
	EndGlobalSection
	GlobalSection(ProjectConfigurationPlatforms) = postSolution
		{25914B91-47BE-4141-B1C6-9FE9D06624BB}.Debug|Any CPU.ActiveCfg = Debug|Any CPU
		{25914B91-47BE-4141-B1C6-9FE9D06624BB}.Debug|Any CPU.Build.0 = Debug|Any CPU
		{25914B91-47BE-4141-B1C6-9FE9D06624BB}.Release|Any CPU.ActiveCfg = Release|Any CPU
		{25914B91-47BE-4141-B1C6-9FE9D06624BB}.Release|Any CPU.Build.0 = Release|Any CPU
	EndGlobalSection
	GlobalSection(SolutionProperties) = preSolution
		HideSolutionNode = FALSE
	EndGlobalSection
	GlobalSection(ExtensibilityGlobals) = postSolution
		SolutionGuid = {4B97C398-60C6-43BE-BF87-700E0032DA18}
	EndGlobalSection
EndGlobal
