
Microsoft Visual Studio Solution File, Format Version 12.00
# Visual Studio Version 17
VisualStudioVersion = 17.11.35327.3
MinimumVisualStudioVersion = 10.0.40219.1
Project("{FAE04EC0-301F-11D3-BF4B-00C04F79EFBC}") = "Level 7 - The Triangle Farmer", "Level 7 - The Triangle Farmer.csproj", "{D3FFE554-84A9-42CC-AE64-41DD7680D0D9}"
EndProject
Global
	GlobalSection(SolutionConfigurationPlatforms) = preSolution
		Debug|Any CPU = Debug|Any CPU
		Release|Any CPU = Release|Any CPU
	EndGlobalSection
	GlobalSection(ProjectConfigurationPlatforms) = postSolution
		{D3FFE554-84A9-42CC-AE64-41DD7680D0D9}.Debug|Any CPU.ActiveCfg = Debug|Any CPU
		{D3FFE554-84A9-42CC-AE64-41DD7680D0D9}.Debug|Any CPU.Build.0 = Debug|Any CPU
		{D3FFE554-84A9-42CC-AE64-41DD7680D0D9}.Release|Any CPU.ActiveCfg = Release|Any CPU
		{D3FFE554-84A9-42CC-AE64-41DD7680D0D9}.Release|Any CPU.Build.0 = Release|Any CPU
	EndGlobalSection
	GlobalSection(SolutionProperties) = preSolution
		HideSolutionNode = FALSE
	EndGlobalSection
	GlobalSection(ExtensibilityGlobals) = postSolution
		SolutionGuid = {B48F68D1-EEB8-45BA-B22F-1314B8C017FD}
	EndGlobalSection
EndGlobal
