
Microsoft Visual Studio Solution File, Format Version 12.00
# Visual Studio Version 17
VisualStudioVersion = 17.11.35327.3
MinimumVisualStudioVersion = 10.0.40219.1
Project("{FAE04EC0-301F-11D3-BF4B-00C04F79EFBC}") = "Level 13 - Taking a Number", "Level 13 - Taking a Number.csproj", "{22F578DB-86A7-4E32-BC3D-1CD541461AF1}"
EndProject
Global
	GlobalSection(SolutionConfigurationPlatforms) = preSolution
		Debug|Any CPU = Debug|Any CPU
		Release|Any CPU = Release|Any CPU
	EndGlobalSection
	GlobalSection(ProjectConfigurationPlatforms) = postSolution
		{22F578DB-86A7-4E32-BC3D-1CD541461AF1}.Debug|Any CPU.ActiveCfg = Debug|Any CPU
		{22F578DB-86A7-4E32-BC3D-1CD541461AF1}.Debug|Any CPU.Build.0 = Debug|Any CPU
		{22F578DB-86A7-4E32-BC3D-1CD541461AF1}.Release|Any CPU.ActiveCfg = Release|Any CPU
		{22F578DB-86A7-4E32-BC3D-1CD541461AF1}.Release|Any CPU.Build.0 = Release|Any CPU
	EndGlobalSection
	GlobalSection(SolutionProperties) = preSolution
		HideSolutionNode = FALSE
	EndGlobalSection
	GlobalSection(ExtensibilityGlobals) = postSolution
		SolutionGuid = {86177E80-A74A-4130-88C4-7879BF213A74}
	EndGlobalSection
EndGlobal
