
Microsoft Visual Studio Solution File, Format Version 12.00
# Visual Studio Version 17
VisualStudioVersion = 17.11.35327.3
MinimumVisualStudioVersion = 10.0.40219.1
Project("{FAE04EC0-301F-11D3-BF4B-00C04F79EFBC}") = "Program-Making Program", "Program-Making Program.csproj", "{ABF3913B-7D27-4642-9334-CB5D4A6F090E}"
EndProject
Global
	GlobalSection(SolutionConfigurationPlatforms) = preSolution
		Debug|Any CPU = Debug|Any CPU
		Release|Any CPU = Release|Any CPU
	EndGlobalSection
	GlobalSection(ProjectConfigurationPlatforms) = postSolution
		{ABF3913B-7D27-4642-9334-CB5D4A6F090E}.Debug|Any CPU.ActiveCfg = Debug|Any CPU
		{ABF3913B-7D27-4642-9334-CB5D4A6F090E}.Debug|Any CPU.Build.0 = Debug|Any CPU
		{ABF3913B-7D27-4642-9334-CB5D4A6F090E}.Release|Any CPU.ActiveCfg = Release|Any CPU
		{ABF3913B-7D27-4642-9334-CB5D4A6F090E}.Release|Any CPU.Build.0 = Release|Any CPU
	EndGlobalSection
	GlobalSection(SolutionProperties) = preSolution
		HideSolutionNode = FALSE
	EndGlobalSection
	GlobalSection(ExtensibilityGlobals) = postSolution
		SolutionGuid = {7921BB2A-9EF4-474F-9E62-BEDC8018137F}
	EndGlobalSection
EndGlobal
